// !$*UTF8*$!
{
	archiveVersion = 1;
	classes = {
	};
	objectVersion = 50;
	objects = {

/* Begin PBXBuildFile section */
		1A666042579FC4ABACB574C7 /* MCAdBigImageCell.m in Sources */ = {isa = PBXBuildFile; fileRef = 1A666175A8295BD5D0E5DE8B /* MCAdBigImageCell.m */; };
		1A666096038E76A9D82625AC /* LaunchScreen.storyboard in Resources */ = {isa = PBXBuildFile; fileRef = 1A666F3ECC21FD6BD268BA51 /* LaunchScreen.storyboard */; };
		1A6660F81E713F5158A906B0 /* NSString+MCExtend.m in Sources */ = {isa = PBXBuildFile; fileRef = 1A666304B17C634E5021DAA8 /* NSString+MCExtend.m */; };
		1A6660FA9C9CD9CDE990CDEF /* MCAdJointDto.m in Sources */ = {isa = PBXBuildFile; fileRef = 1A6664B68331C8DCA1E707AF /* MCAdJointDto.m */; };
		1A666100917F4D9CCE976956 /* DataFlow_Oriention.json in Resources */ = {isa = PBXBuildFile; fileRef = 1A666410D711B16A3183451C /* DataFlow_Oriention.json */; };
		1A666107326546ED8EAFA954 /* MCAdDto.m in Sources */ = {isa = PBXBuildFile; fileRef = 1A66601699E3D461621594D4 /* MCAdDto.m */; };
		1A666121E373DBC837F00B2D /* MCSplashDto.m in Sources */ = {isa = PBXBuildFile; fileRef = 1A6669B6BB2BC42F54F9FCBB /* MCSplashDto.m */; };
		1A6661919B1AC6B60E22BB18 /* MCNativeAdDto.m in Sources */ = {isa = PBXBuildFile; fileRef = 1A6666D2C88718940984B14C /* MCNativeAdDto.m */; };
		1A666195F9715FF1282A9D8D /* DataVM.m in Sources */ = {isa = PBXBuildFile; fileRef = 1A6667D9A942448B7BD20BE4 /* DataVM.m */; };
		1A66619D7367E13DF8A825F2 /* MCAdCollectionBaseCell.m in Sources */ = {isa = PBXBuildFile; fileRef = 1A666217DDABF68D23B5F191 /* MCAdCollectionBaseCell.m */; };
		1A6661C34EBD6C92776300EF /* MCMobileAdService.m in Sources */ = {isa = PBXBuildFile; fileRef = 1A6666490F054F538E5DC7A9 /* MCMobileAdService.m */; };
		1A66620B3DBE0A4068A6E83B /* Main.storyboard in Resources */ = {isa = PBXBuildFile; fileRef = 1A666B7F1AEE873B1D6B08F2 /* Main.storyboard */; };
		1A666213A98B46BB934B790D /* MCStyleConfig.m in Sources */ = {isa = PBXBuildFile; fileRef = 1A666260B0B44FA13B6E00F6 /* MCStyleConfig.m */; };
		1A666237E3930E4362AE5AA5 /* DataFlowController.m in Sources */ = {isa = PBXBuildFile; fileRef = 1A6668BF0D2C465E18FFAF63 /* DataFlowController.m */; };
		1A66624CEDE459A1440EC767 /* MCAdvertisementDto.m in Sources */ = {isa = PBXBuildFile; fileRef = 1A666FE1E78D3E833A6FFC14 /* MCAdvertisementDto.m */; };
		1A6662BBCCE1FF8A02BFCDF9 /* MCAdBaseCell.m in Sources */ = {isa = PBXBuildFile; fileRef = 1A6669C4FADD60BB0055C24F /* MCAdBaseCell.m */; };
		1A6662BF95EA2864D141FE42 /* AdInfos_Custom.json in Resources */ = {isa = PBXBuildFile; fileRef = 1A666E3E6DEA2A7066916846 /* AdInfos_Custom.json */; };
		1A66630291047B6663A90FF5 /* MCAdsManager.m in Sources */ = {isa = PBXBuildFile; fileRef = 1A6665E2A30CF8514D588147 /* MCAdsManager.m */; };
		1A666340C018C7EA8BD42155 /* AdInfos_GDT.json in Resources */ = {isa = PBXBuildFile; fileRef = 1A666FE36D87DADB0976DD6D /* AdInfos_GDT.json */; };
		1A666395145102DB1846218D /* MCInmobiDto.m in Sources */ = {isa = PBXBuildFile; fileRef = 1A6666FDE06F5BBBF1122C96 /* MCInmobiDto.m */; };
		1A6663B3812B27E70C5A438F /* MCAdUtils.m in Sources */ = {isa = PBXBuildFile; fileRef = 1A666F61E40B65CC4056BD32 /* MCAdUtils.m */; };
		1A6663D5C516AD61EDB281C3 /* MCColorConfig.m in Sources */ = {isa = PBXBuildFile; fileRef = 1A666FA698F0755B84E3B8EF /* MCColorConfig.m */; };
		1A6663DBEAECF9798D3947A3 /* RootData_Custom.json in Resources */ = {isa = PBXBuildFile; fileRef = 1A666A484FFCA17EBAB49AF1 /* RootData_Custom.json */; };
		1A6664003483396D5A0B809F /* MCCollectionCell.m in Sources */ = {isa = PBXBuildFile; fileRef = 1A666E6BAEC0DB45521A9CE9 /* MCCollectionCell.m */; };
		1A66646BDEBA41BEA5104720 /* RootCell.m in Sources */ = {isa = PBXBuildFile; fileRef = 1A66654CB647A47247AE6CE4 /* RootCell.m */; };
		1A6664775DE498DEF285755E /* MCAdMutipleImageCell.m in Sources */ = {isa = PBXBuildFile; fileRef = 1A66661BAB69B894C169FD06 /* MCAdMutipleImageCell.m */; };
		1A6664C20FE1A8F56553F688 /* MCMobileBase.m in Sources */ = {isa = PBXBuildFile; fileRef = 1A66642909BA523C79C09268 /* MCMobileBase.m */; };
		1A6664C37F65A7377B18F218 /* MCMobAdNativeAdView.m in Sources */ = {isa = PBXBuildFile; fileRef = 1A6663E4ED8A4F56A238B052 /* MCMobAdNativeAdView.m */; };
		1A6664F765FA893581C7F772 /* MCAdConfig.m in Sources */ = {isa = PBXBuildFile; fileRef = 1A666F8E349DE24EAB19BE23 /* MCAdConfig.m */; };
		1A6665B5822469070595C6A0 /* MCApiConfig.m in Sources */ = {isa = PBXBuildFile; fileRef = 1A666BEF68C169E5BE3670A2 /* MCApiConfig.m */; };
		1A6665D6FBAED7EB4B8B1F3E /* MCAdSplashView.m in Sources */ = {isa = PBXBuildFile; fileRef = 1A6666F8290B580F4F185623 /* MCAdSplashView.m */; };
		1A666645D9712A4A724233BE /* MCAdDecorate.m in Sources */ = {isa = PBXBuildFile; fileRef = 1A6669650E2E09480BBCD567 /* MCAdDecorate.m */; };
		1A6666C6199A2164CCB7792D /* DataFlow_Little_v.json in Resources */ = {isa = PBXBuildFile; fileRef = 1A6662A943EAAC1C6129C112 /* DataFlow_Little_v.json */; };
		1A6666CAD5BA08709B81204D /* UIView+AdCorner.m in Sources */ = {isa = PBXBuildFile; fileRef = 1A6669B3C7A2409712613F54 /* UIView+AdCorner.m */; };
		1A666788A0D333C2416C6FC8 /* NSObject+MCAd.m in Sources */ = {isa = PBXBuildFile; fileRef = 1A666C83110C61822FD2A25F /* NSObject+MCAd.m */; };
		1A66679AE7AA0C718B01BB25 /* DataFlow_Little.json in Resources */ = {isa = PBXBuildFile; fileRef = 1A666B61356CF414BDD54850 /* DataFlow_Little.json */; };
		1A6667D537CC7ADDEB5FB5E8 /* DataFlow_Custom_Ads.json in Resources */ = {isa = PBXBuildFile; fileRef = 1A666CA04A8A1B5CAAF28174 /* DataFlow_Custom_Ads.json */; };
		1A6668B99F293CB93F0CDEFF /* MCH5AdDto.m in Sources */ = {isa = PBXBuildFile; fileRef = 1A666DB2D494A48EC9CDC907 /* MCH5AdDto.m */; };
		1A666905E033DA99815650A3 /* MCPlayerPreAdView.m in Sources */ = {isa = PBXBuildFile; fileRef = 1A666EA5143C48BF2B57E0B4 /* MCPlayerPreAdView.m */; };
		1A66690C0B9A6EE9A4314519 /* RefreshMoreTableController.m in Sources */ = {isa = PBXBuildFile; fileRef = 1A66650F832CE96199136025 /* RefreshMoreTableController.m */; };
		1A66690E75A6ADC49ECA6A4C /* VideoCell.m in Sources */ = {isa = PBXBuildFile; fileRef = 1A66644E640B5E132F9B37C8 /* VideoCell.m */; };
		1A666918BCF99EA6DA988BC5 /* RootController.m in Sources */ = {isa = PBXBuildFile; fileRef = 1A6669A63E1958D851BCB788 /* RootController.m */; };
		1A666930C080D5E8B87AA614 /* RootData_GDT.json in Resources */ = {isa = PBXBuildFile; fileRef = 1A6663243F0A05FF74241766 /* RootData_GDT.json */; };
		1A666943E37E6336116F42D6 /* MCFont.m in Sources */ = {isa = PBXBuildFile; fileRef = 1A666256E272B2611D827669 /* MCFont.m */; };
		1A666963519B2CE121C8C936 /* MCFontConfig.m in Sources */ = {isa = PBXBuildFile; fileRef = 1A666C58A7FCE718E5DF4615 /* MCFontConfig.m */; };
		1A666983BCB97543741021A4 /* MCAdBaseView.m in Sources */ = {isa = PBXBuildFile; fileRef = 1A666EC67CF0A2EFD19BF3F0 /* MCAdBaseView.m */; };
		1A66698D2C2DAA513B9BE176 /* MCAdContinuePlayCollectionCell.m in Sources */ = {isa = PBXBuildFile; fileRef = 1A666A7B252B180EAA409425 /* MCAdContinuePlayCollectionCell.m */; };
		1A66699169D09676A3409AAC /* DataFlowDataVM.m in Sources */ = {isa = PBXBuildFile; fileRef = 1A6664B87B161626EC74BA8F /* DataFlowDataVM.m */; };
		1A66699BCC60B1CA25FC7CF1 /* RootDataVM.m in Sources */ = {isa = PBXBuildFile; fileRef = 1A666A747B6F445EE5F52A83 /* RootDataVM.m */; };
		1A66699C3F7EAC99538B4A2D /* MCSplashService.m in Sources */ = {isa = PBXBuildFile; fileRef = 1A666605616EF74335A16FA0 /* MCSplashService.m */; };
		1A666A02EC0C47D396E9A298 /* Assets.xcassets in Resources */ = {isa = PBXBuildFile; fileRef = 1A66623F8E19496458C98F51 /* Assets.xcassets */; };
		1A666AE1EB5FE469F36F1563 /* MCAdOrientionImageCell.m in Sources */ = {isa = PBXBuildFile; fileRef = 1A66623066997C1CB995969F /* MCAdOrientionImageCell.m */; };
		1A666B55AA5B47ED6D429AAD /* NSObject+MCAdApi.m in Sources */ = {isa = PBXBuildFile; fileRef = 1A666CCFFDD84AFA341325AF /* NSObject+MCAdApi.m */; };
		1A666B7220F8D0CB3F2B45B7 /* MCStyle.m in Sources */ = {isa = PBXBuildFile; fileRef = 1A66615EDEE3CA0C16FC236A /* MCStyle.m */; };
		1A666C55509742B20EF8662E /* MCAds.xcassets in Resources */ = {isa = PBXBuildFile; fileRef = 1A6667B9A2E881013A8755E8 /* MCAds.xcassets */; };
		1A666C5FA599CBD3039FE294 /* AdCateDto.m in Sources */ = {isa = PBXBuildFile; fileRef = 1A6664E97D77CA0A07740A55 /* AdCateDto.m */; };
		1A666C8302BD3EBC24397A87 /* VideoDto.m in Sources */ = {isa = PBXBuildFile; fileRef = 1A666FFB45E33288B19FF5A0 /* VideoDto.m */; };
		1A666C89655D456C97F39D92 /* DataFlow_Big_v.json in Resources */ = {isa = PBXBuildFile; fileRef = 1A666EDCB0C3EBCEA3843CE0 /* DataFlow_Big_v.json */; };
		1A666CBA69A123B212FB2A85 /* MCAdLittleImageCell.m in Sources */ = {isa = PBXBuildFile; fileRef = 1A666CC8A509D859F43D5C6F /* MCAdLittleImageCell.m */; };
		1A666CDC65A068CEB729BBE1 /* MCSnapAdCell.m in Sources */ = {isa = PBXBuildFile; fileRef = 1A666AAD000559555332D620 /* MCSnapAdCell.m */; };
		1A666CE6ED82B18C5C3547E0 /* MCAdPlayerView.m in Sources */ = {isa = PBXBuildFile; fileRef = 1A6666D9590E621639BE2936 /* MCAdPlayerView.m */; };
		1A666D16FD21B797F6FC0A99 /* DataFlow_Oriention_v.json in Resources */ = {isa = PBXBuildFile; fileRef = 1A666A7636B092580047982D /* DataFlow_Oriention_v.json */; };
		1A666D572DC6EBF5FFE52C80 /* MCGDTUnifiedNativeAdView.m in Sources */ = {isa = PBXBuildFile; fileRef = 1A6669C1C4D4C0394BB9BD02 /* MCGDTUnifiedNativeAdView.m */; };
		1A666D8F00C6BECB5AA2DA7B /* RootData_Baidu.json in Resources */ = {isa = PBXBuildFile; fileRef = 1A666C1F74AE7973B0F6F102 /* RootData_Baidu.json */; };
		1A666DC54B8A91E2A33B21B3 /* MCAdDef.m in Sources */ = {isa = PBXBuildFile; fileRef = 1A66695605B12F1AE28ABB62 /* MCAdDef.m */; };
		1A666E0B08269C0C2F4CF379 /* MCOpAdCell.m in Sources */ = {isa = PBXBuildFile; fileRef = 1A6665F737A753719FD4C503 /* MCOpAdCell.m */; };
		1A666E4F477DF37F9368093F /* DataFlow_Big.json in Resources */ = {isa = PBXBuildFile; fileRef = 1A66608BBB420F670C13CF3A /* DataFlow_Big.json */; };
		1A666E61BC3BD8B9056A4224 /* MCDto.m in Sources */ = {isa = PBXBuildFile; fileRef = 1A66664F8E3B05DFC5106A15 /* MCDto.m */; };
		1A666ED50DB04A64117AF5D9 /* MCTableCell.m in Sources */ = {isa = PBXBuildFile; fileRef = 1A66692FB2C425FA179E8437 /* MCTableCell.m */; };
		1A666F6293F0EABE97933B37 /* AdInfos_Baidu.json in Resources */ = {isa = PBXBuildFile; fileRef = 1A666A0E8612B8BBAA066A8F /* AdInfos_Baidu.json */; };
		1A666FB16653828476E5B3C7 /* MCPlayerPauseView.m in Sources */ = {isa = PBXBuildFile; fileRef = 1A666F3E2D6B30D51B517268 /* MCPlayerPauseView.m */; };
		1A666FFD863DFB01F1A5CA63 /* MCColor.m in Sources */ = {isa = PBXBuildFile; fileRef = 1A66678CD58CCCBA43933DAE /* MCColor.m */; };
		25CC36AC21C8FAAD0010BC25 /* AppDelegate.m in Sources */ = {isa = PBXBuildFile; fileRef = 25CC36AB21C8FAAD0010BC25 /* AppDelegate.m */; };
		25CC36BA21C8FAAF0010BC25 /* main.m in Sources */ = {isa = PBXBuildFile; fileRef = 25CC36B921C8FAAF0010BC25 /* main.m */; };
		68BD498D9E5BB5A41EB3314B /* libPods-MCAds.a in Frameworks */ = {isa = PBXBuildFile; fileRef = 8F7104FBC06288340E08E21D /* libPods-MCAds.a */; };
/* End PBXBuildFile section */

/* Begin PBXFileReference section */
		19187352FC1C7602A021763A /* Pods-MCAds.release.xcconfig */ = {isa = PBXFileReference; includeInIndex = 1; lastKnownFileType = text.xcconfig; name = "Pods-MCAds.release.xcconfig"; path = "Pods/Target Support Files/Pods-MCAds/Pods-MCAds.release.xcconfig"; sourceTree = "<group>"; };
		1A6660076B769CA67C3E96B9 /* MCSnapAdCell.h */ = {isa = PBXFileReference; fileEncoding = 4; lastKnownFileType = sourcecode.c.h; path = MCSnapAdCell.h; sourceTree = "<group>"; };
		1A66601699E3D461621594D4 /* MCAdDto.m */ = {isa = PBXFileReference; fileEncoding = 4; lastKnownFileType = sourcecode.c.objc; path = MCAdDto.m; sourceTree = "<group>"; };
		1A666016A56B08FE9054C97E /* MCAdSplashView.h */ = {isa = PBXFileReference; fileEncoding = 4; lastKnownFileType = sourcecode.c.h; path = MCAdSplashView.h; sourceTree = "<group>"; };
		1A66602110EFA6D9CD2BDAF1 /* NSObject+MCAdApi.h */ = {isa = PBXFileReference; fileEncoding = 4; lastKnownFileType = sourcecode.c.h; path = "NSObject+MCAdApi.h"; sourceTree = "<group>"; };
		1A666048A984A0DC8E6BF337 /* DataFlowController.h */ = {isa = PBXFileReference; fileEncoding = 4; lastKnownFileType = sourcecode.c.h; path = DataFlowController.h; sourceTree = "<group>"; };
		1A66608BBB420F670C13CF3A /* DataFlow_Big.json */ = {isa = PBXFileReference; fileEncoding = 4; lastKnownFileType = text.json; path = DataFlow_Big.json; sourceTree = "<group>"; };
		1A6661196FEF714189B0BA7A /* MCAdMutipleImageCell.h */ = {isa = PBXFileReference; fileEncoding = 4; lastKnownFileType = sourcecode.c.h; path = MCAdMutipleImageCell.h; sourceTree = "<group>"; };
		1A6661253D20EEA4DBDA1AB5 /* MCDto.h */ = {isa = PBXFileReference; fileEncoding = 4; lastKnownFileType = sourcecode.c.h; path = MCDto.h; sourceTree = "<group>"; };
		1A66615DF71BED593C51F3C7 /* VideoDto.h */ = {isa = PBXFileReference; fileEncoding = 4; lastKnownFileType = sourcecode.c.h; path = VideoDto.h; sourceTree = "<group>"; };
		1A66615EDEE3CA0C16FC236A /* MCStyle.m */ = {isa = PBXFileReference; fileEncoding = 4; lastKnownFileType = sourcecode.c.objc; path = MCStyle.m; sourceTree = "<group>"; };
		1A666162DC8A28A54F48B563 /* AdCateDto.h */ = {isa = PBXFileReference; fileEncoding = 4; lastKnownFileType = sourcecode.c.h; path = AdCateDto.h; sourceTree = "<group>"; };
		1A666175A8295BD5D0E5DE8B /* MCAdBigImageCell.m */ = {isa = PBXFileReference; fileEncoding = 4; lastKnownFileType = sourcecode.c.objc; path = MCAdBigImageCell.m; sourceTree = "<group>"; };
		1A6661856962C89FB5D69339 /* MCAdDef.h */ = {isa = PBXFileReference; fileEncoding = 4; lastKnownFileType = sourcecode.c.h; path = MCAdDef.h; sourceTree = "<group>"; };
		1A66619232E5F26DE162411D /* MCInmobiDto.h */ = {isa = PBXFileReference; fileEncoding = 4; lastKnownFileType = sourcecode.c.h; path = MCInmobiDto.h; sourceTree = "<group>"; };
		1A66619387EBCA88AF1A07AA /* NSObject+MCAd.h */ = {isa = PBXFileReference; fileEncoding = 4; lastKnownFileType = sourcecode.c.h; path = "NSObject+MCAd.h"; sourceTree = "<group>"; };
		1A6661BC39105F50C553DA92 /* MCMobileAdService.h */ = {isa = PBXFileReference; fileEncoding = 4; lastKnownFileType = sourcecode.c.h; path = MCMobileAdService.h; sourceTree = "<group>"; };
		1A6661C05DD5CA2416838E3B /* NSString+MCExtend.h */ = {isa = PBXFileReference; fileEncoding = 4; lastKnownFileType = sourcecode.c.h; path = "NSString+MCExtend.h"; sourceTree = "<group>"; };
		1A666217DDABF68D23B5F191 /* MCAdCollectionBaseCell.m */ = {isa = PBXFileReference; fileEncoding = 4; lastKnownFileType = sourcecode.c.objc; path = MCAdCollectionBaseCell.m; sourceTree = "<group>"; };
		1A666227B36B1FFA7E0A54FA /* MCSplashService.h */ = {isa = PBXFileReference; fileEncoding = 4; lastKnownFileType = sourcecode.c.h; path = MCSplashService.h; sourceTree = "<group>"; };
		1A66623066997C1CB995969F /* MCAdOrientionImageCell.m */ = {isa = PBXFileReference; fileEncoding = 4; lastKnownFileType = sourcecode.c.objc; path = MCAdOrientionImageCell.m; sourceTree = "<group>"; };
		1A66623380CB6379304CFED5 /* RefreshMoreTableController.h */ = {isa = PBXFileReference; fileEncoding = 4; lastKnownFileType = sourcecode.c.h; path = RefreshMoreTableController.h; sourceTree = "<group>"; };
		1A66623F8E19496458C98F51 /* Assets.xcassets */ = {isa = PBXFileReference; lastKnownFileType = folder.assetcatalog; path = Assets.xcassets; sourceTree = "<group>"; };
		1A666256E272B2611D827669 /* MCFont.m */ = {isa = PBXFileReference; fileEncoding = 4; lastKnownFileType = sourcecode.c.objc; path = MCFont.m; sourceTree = "<group>"; };
		1A666260B0B44FA13B6E00F6 /* MCStyleConfig.m */ = {isa = PBXFileReference; fileEncoding = 4; lastKnownFileType = sourcecode.c.objc; path = MCStyleConfig.m; sourceTree = "<group>"; };
		1A6662A943EAAC1C6129C112 /* DataFlow_Little_v.json */ = {isa = PBXFileReference; fileEncoding = 4; lastKnownFileType = text.json; path = DataFlow_Little_v.json; sourceTree = "<group>"; };
		1A6662B0F9120DA9C087A6F1 /* RootCell.h */ = {isa = PBXFileReference; fileEncoding = 4; lastKnownFileType = sourcecode.c.h; path = RootCell.h; sourceTree = "<group>"; };
		1A666304B17C634E5021DAA8 /* NSString+MCExtend.m */ = {isa = PBXFileReference; fileEncoding = 4; lastKnownFileType = sourcecode.c.objc; path = "NSString+MCExtend.m"; sourceTree = "<group>"; };
		1A6663243F0A05FF74241766 /* RootData_GDT.json */ = {isa = PBXFileReference; fileEncoding = 4; lastKnownFileType = text.json; path = RootData_GDT.json; sourceTree = "<group>"; };
		1A6663322F70F198DEE11521 /* MCPlayerPauseView.h */ = {isa = PBXFileReference; fileEncoding = 4; lastKnownFileType = sourcecode.c.h; path = MCPlayerPauseView.h; sourceTree = "<group>"; };
		1A66639CEF7D0173D076F277 /* DataFlowDataVM.h */ = {isa = PBXFileReference; fileEncoding = 4; lastKnownFileType = sourcecode.c.h; path = DataFlowDataVM.h; sourceTree = "<group>"; };
		1A6663D0105BAE4399909B90 /* MCAdBaseView.h */ = {isa = PBXFileReference; fileEncoding = 4; lastKnownFileType = sourcecode.c.h; path = MCAdBaseView.h; sourceTree = "<group>"; };
		1A6663D3F5D9BD5851CC4850 /* MCAdDecorate.h */ = {isa = PBXFileReference; fileEncoding = 4; lastKnownFileType = sourcecode.c.h; path = MCAdDecorate.h; sourceTree = "<group>"; };
		1A6663E4ED8A4F56A238B052 /* MCMobAdNativeAdView.m */ = {isa = PBXFileReference; fileEncoding = 4; lastKnownFileType = sourcecode.c.objc; path = MCMobAdNativeAdView.m; sourceTree = "<group>"; };
		1A6663F3A553698229798B26 /* MCAdConfig.h */ = {isa = PBXFileReference; fileEncoding = 4; lastKnownFileType = sourcecode.c.h; path = MCAdConfig.h; sourceTree = "<group>"; };
		1A666410D711B16A3183451C /* DataFlow_Oriention.json */ = {isa = PBXFileReference; fileEncoding = 4; lastKnownFileType = text.json; path = DataFlow_Oriention.json; sourceTree = "<group>"; };
		1A66642909BA523C79C09268 /* MCMobileBase.m */ = {isa = PBXFileReference; fileEncoding = 4; lastKnownFileType = sourcecode.c.objc; path = MCMobileBase.m; sourceTree = "<group>"; };
		1A66644E640B5E132F9B37C8 /* VideoCell.m */ = {isa = PBXFileReference; fileEncoding = 4; lastKnownFileType = sourcecode.c.objc; path = VideoCell.m; sourceTree = "<group>"; };
		1A666459078624A063189448 /* MCAdJointDto.h */ = {isa = PBXFileReference; fileEncoding = 4; lastKnownFileType = sourcecode.c.h; path = MCAdJointDto.h; sourceTree = "<group>"; };
		1A6664B68331C8DCA1E707AF /* MCAdJointDto.m */ = {isa = PBXFileReference; fileEncoding = 4; lastKnownFileType = sourcecode.c.objc; path = MCAdJointDto.m; sourceTree = "<group>"; };
		1A6664B87B161626EC74BA8F /* DataFlowDataVM.m */ = {isa = PBXFileReference; fileEncoding = 4; lastKnownFileType = sourcecode.c.objc; path = DataFlowDataVM.m; sourceTree = "<group>"; };
		1A6664E97D77CA0A07740A55 /* AdCateDto.m */ = {isa = PBXFileReference; fileEncoding = 4; lastKnownFileType = sourcecode.c.objc; path = AdCateDto.m; sourceTree = "<group>"; };
		1A666504AC80905FBA42ACF6 /* Base */ = {isa = PBXFileReference; lastKnownFileType = file.storyboard; name = Base; path = MCAds/Base.lproj/Main.storyboard; sourceTree = SOURCE_ROOT; };
		1A66650F832CE96199136025 /* RefreshMoreTableController.m */ = {isa = PBXFileReference; fileEncoding = 4; lastKnownFileType = sourcecode.c.objc; path = RefreshMoreTableController.m; sourceTree = "<group>"; };
		1A66654CB647A47247AE6CE4 /* RootCell.m */ = {isa = PBXFileReference; fileEncoding = 4; lastKnownFileType = sourcecode.c.objc; path = RootCell.m; sourceTree = "<group>"; };
		1A6665E2A30CF8514D588147 /* MCAdsManager.m */ = {isa = PBXFileReference; fileEncoding = 4; lastKnownFileType = sourcecode.c.objc; path = MCAdsManager.m; sourceTree = "<group>"; };
		1A6665F737A753719FD4C503 /* MCOpAdCell.m */ = {isa = PBXFileReference; fileEncoding = 4; lastKnownFileType = sourcecode.c.objc; path = MCOpAdCell.m; sourceTree = "<group>"; };
		1A666605616EF74335A16FA0 /* MCSplashService.m */ = {isa = PBXFileReference; fileEncoding = 4; lastKnownFileType = sourcecode.c.objc; path = MCSplashService.m; sourceTree = "<group>"; };
		1A66661BAB69B894C169FD06 /* MCAdMutipleImageCell.m */ = {isa = PBXFileReference; fileEncoding = 4; lastKnownFileType = sourcecode.c.objc; path = MCAdMutipleImageCell.m; sourceTree = "<group>"; };
		1A666635F8C8E8937C01A4EA /* MCAdContinuePlayCollectionCell.h */ = {isa = PBXFileReference; fileEncoding = 4; lastKnownFileType = sourcecode.c.h; path = MCAdContinuePlayCollectionCell.h; sourceTree = "<group>"; };
		1A6666490F054F538E5DC7A9 /* MCMobileAdService.m */ = {isa = PBXFileReference; fileEncoding = 4; lastKnownFileType = sourcecode.c.objc; path = MCMobileAdService.m; sourceTree = "<group>"; };
		1A66664F8E3B05DFC5106A15 /* MCDto.m */ = {isa = PBXFileReference; fileEncoding = 4; lastKnownFileType = sourcecode.c.objc; path = MCDto.m; sourceTree = "<group>"; };
		1A66667721AF0E3EC627C521 /* MCAdCollectionBaseCell.h */ = {isa = PBXFileReference; fileEncoding = 4; lastKnownFileType = sourcecode.c.h; path = MCAdCollectionBaseCell.h; sourceTree = "<group>"; };
		1A6666AC95D35A400A508AF2 /* MCAdLittleImageCell.h */ = {isa = PBXFileReference; fileEncoding = 4; lastKnownFileType = sourcecode.c.h; path = MCAdLittleImageCell.h; sourceTree = "<group>"; };
		1A6666BC53F1E4BB9DB070E3 /* MCTableCell.h */ = {isa = PBXFileReference; fileEncoding = 4; lastKnownFileType = sourcecode.c.h; path = MCTableCell.h; sourceTree = "<group>"; };
		1A6666D2C88718940984B14C /* MCNativeAdDto.m */ = {isa = PBXFileReference; fileEncoding = 4; lastKnownFileType = sourcecode.c.objc; path = MCNativeAdDto.m; sourceTree = "<group>"; };
		1A6666D9590E621639BE2936 /* MCAdPlayerView.m */ = {isa = PBXFileReference; fileEncoding = 4; lastKnownFileType = sourcecode.c.objc; path = MCAdPlayerView.m; sourceTree = "<group>"; };
		1A6666F8290B580F4F185623 /* MCAdSplashView.m */ = {isa = PBXFileReference; fileEncoding = 4; lastKnownFileType = sourcecode.c.objc; path = MCAdSplashView.m; sourceTree = "<group>"; };
		1A6666FDE06F5BBBF1122C96 /* MCInmobiDto.m */ = {isa = PBXFileReference; fileEncoding = 4; lastKnownFileType = sourcecode.c.objc; path = MCInmobiDto.m; sourceTree = "<group>"; };
		1A66678CD58CCCBA43933DAE /* MCColor.m */ = {isa = PBXFileReference; fileEncoding = 4; lastKnownFileType = sourcecode.c.objc; path = MCColor.m; sourceTree = "<group>"; };
		1A6667B9A2E881013A8755E8 /* MCAds.xcassets */ = {isa = PBXFileReference; lastKnownFileType = folder.assetcatalog; path = MCAds.xcassets; sourceTree = "<group>"; };
		1A6667D9A942448B7BD20BE4 /* DataVM.m */ = {isa = PBXFileReference; fileEncoding = 4; lastKnownFileType = sourcecode.c.objc; path = DataVM.m; sourceTree = "<group>"; };
		1A666862D36221A78BA35845 /* MCAds.podspec */ = {isa = PBXFileReference; lastKnownFileType = file.podspec; name = MCAds.podspec; path = ../MCAds.podspec; sourceTree = "<group>"; };
		1A666893DE8341E5E8773FA0 /* MCAdBaseCell.h */ = {isa = PBXFileReference; fileEncoding = 4; lastKnownFileType = sourcecode.c.h; path = MCAdBaseCell.h; sourceTree = "<group>"; };
		1A66689C3AA226E057AF84EB /* MCAdOrientionImageCell.h */ = {isa = PBXFileReference; fileEncoding = 4; lastKnownFileType = sourcecode.c.h; path = MCAdOrientionImageCell.h; sourceTree = "<group>"; };
		1A6668BF0D2C465E18FFAF63 /* DataFlowController.m */ = {isa = PBXFileReference; fileEncoding = 4; lastKnownFileType = sourcecode.c.objc; path = DataFlowController.m; sourceTree = "<group>"; };
		1A6668D45C39CB3B6BB8DFAA /* MCMobileBase.h */ = {isa = PBXFileReference; fileEncoding = 4; lastKnownFileType = sourcecode.c.h; path = MCMobileBase.h; sourceTree = "<group>"; };
		1A6668E62AE83B11CBE377AE /* DataVM.h */ = {isa = PBXFileReference; fileEncoding = 4; lastKnownFileType = sourcecode.c.h; path = DataVM.h; sourceTree = "<group>"; };
		1A66690DBAD3B696437C5A76 /* MCAdDto.h */ = {isa = PBXFileReference; fileEncoding = 4; lastKnownFileType = sourcecode.c.h; path = MCAdDto.h; sourceTree = "<group>"; };
		1A66692C7B22E9BB41E92D64 /* MCAdPlayerView.h */ = {isa = PBXFileReference; fileEncoding = 4; lastKnownFileType = sourcecode.c.h; path = MCAdPlayerView.h; sourceTree = "<group>"; };
		1A66692D630FA0E71E5AD084 /* MCH5AdDto.h */ = {isa = PBXFileReference; fileEncoding = 4; lastKnownFileType = sourcecode.c.h; path = MCH5AdDto.h; sourceTree = "<group>"; };
		1A66692FB2C425FA179E8437 /* MCTableCell.m */ = {isa = PBXFileReference; fileEncoding = 4; lastKnownFileType = sourcecode.c.objc; path = MCTableCell.m; sourceTree = "<group>"; };
		1A666934D7059C65D92FA1D0 /* VideoCell.h */ = {isa = PBXFileReference; fileEncoding = 4; lastKnownFileType = sourcecode.c.h; path = VideoCell.h; sourceTree = "<group>"; };
		1A66695605B12F1AE28ABB62 /* MCAdDef.m */ = {isa = PBXFileReference; fileEncoding = 4; lastKnownFileType = sourcecode.c.objc; path = MCAdDef.m; sourceTree = "<group>"; };
		1A6669592BC22A92EA113F31 /* MCAdBaseDelegate.h */ = {isa = PBXFileReference; fileEncoding = 4; lastKnownFileType = sourcecode.c.h; path = MCAdBaseDelegate.h; sourceTree = "<group>"; };
		1A6669650E2E09480BBCD567 /* MCAdDecorate.m */ = {isa = PBXFileReference; fileEncoding = 4; lastKnownFileType = sourcecode.c.objc; path = MCAdDecorate.m; sourceTree = "<group>"; };
		1A66698F1739C22603011B20 /* MCMobAdNativeAdView.h */ = {isa = PBXFileReference; fileEncoding = 4; lastKnownFileType = sourcecode.c.h; path = MCMobAdNativeAdView.h; sourceTree = "<group>"; };
		1A6669A63E1958D851BCB788 /* RootController.m */ = {isa = PBXFileReference; fileEncoding = 4; lastKnownFileType = sourcecode.c.objc; path = RootController.m; sourceTree = "<group>"; };
		1A6669B3C7A2409712613F54 /* UIView+AdCorner.m */ = {isa = PBXFileReference; fileEncoding = 4; lastKnownFileType = sourcecode.c.objc; path = "UIView+AdCorner.m"; sourceTree = "<group>"; };
		1A6669B6BB2BC42F54F9FCBB /* MCSplashDto.m */ = {isa = PBXFileReference; fileEncoding = 4; lastKnownFileType = sourcecode.c.objc; path = MCSplashDto.m; sourceTree = "<group>"; };
		1A6669C1C4D4C0394BB9BD02 /* MCGDTUnifiedNativeAdView.m */ = {isa = PBXFileReference; fileEncoding = 4; lastKnownFileType = sourcecode.c.objc; path = MCGDTUnifiedNativeAdView.m; sourceTree = "<group>"; };
		1A6669C4FADD60BB0055C24F /* MCAdBaseCell.m */ = {isa = PBXFileReference; fileEncoding = 4; lastKnownFileType = sourcecode.c.objc; path = MCAdBaseCell.m; sourceTree = "<group>"; };
		1A666A0E8612B8BBAA066A8F /* AdInfos_Baidu.json */ = {isa = PBXFileReference; fileEncoding = 4; lastKnownFileType = text.json; path = AdInfos_Baidu.json; sourceTree = "<group>"; };
		1A666A21CBD44A7E65F8EABB /* MCGDTUnifiedNativeAdView.h */ = {isa = PBXFileReference; fileEncoding = 4; lastKnownFileType = sourcecode.c.h; path = MCGDTUnifiedNativeAdView.h; sourceTree = "<group>"; };
		1A666A484FFCA17EBAB49AF1 /* RootData_Custom.json */ = {isa = PBXFileReference; fileEncoding = 4; lastKnownFileType = text.json; path = RootData_Custom.json; sourceTree = "<group>"; };
		1A666A4DEA83AAF8ACC29C03 /* MCApiConfig.h */ = {isa = PBXFileReference; fileEncoding = 4; lastKnownFileType = sourcecode.c.h; path = MCApiConfig.h; sourceTree = "<group>"; };
		1A666A747B6F445EE5F52A83 /* RootDataVM.m */ = {isa = PBXFileReference; fileEncoding = 4; lastKnownFileType = sourcecode.c.objc; path = RootDataVM.m; sourceTree = "<group>"; };
		1A666A7636B092580047982D /* DataFlow_Oriention_v.json */ = {isa = PBXFileReference; fileEncoding = 4; lastKnownFileType = text.json; path = DataFlow_Oriention_v.json; sourceTree = "<group>"; };
		1A666A7B252B180EAA409425 /* MCAdContinuePlayCollectionCell.m */ = {isa = PBXFileReference; fileEncoding = 4; lastKnownFileType = sourcecode.c.objc; path = MCAdContinuePlayCollectionCell.m; sourceTree = "<group>"; };
		1A666AAD000559555332D620 /* MCSnapAdCell.m */ = {isa = PBXFileReference; fileEncoding = 4; lastKnownFileType = sourcecode.c.objc; path = MCSnapAdCell.m; sourceTree = "<group>"; };
		1A666AAED0BE65E36A9791CB /* RootDataVM.h */ = {isa = PBXFileReference; fileEncoding = 4; lastKnownFileType = sourcecode.c.h; path = RootDataVM.h; sourceTree = "<group>"; };
		1A666B20C80556310ABA001C /* MCNativeAdDto.h */ = {isa = PBXFileReference; fileEncoding = 4; lastKnownFileType = sourcecode.c.h; path = MCNativeAdDto.h; sourceTree = "<group>"; };
		1A666B61356CF414BDD54850 /* DataFlow_Little.json */ = {isa = PBXFileReference; fileEncoding = 4; lastKnownFileType = text.json; path = DataFlow_Little.json; sourceTree = "<group>"; };
		1A666B6543B989DC4181D9CB /* MCAdUtils.h */ = {isa = PBXFileReference; fileEncoding = 4; lastKnownFileType = sourcecode.c.h; path = MCAdUtils.h; sourceTree = "<group>"; };
		1A666B88826680E4F2D59B89 /* MCCollectionCell.h */ = {isa = PBXFileReference; fileEncoding = 4; lastKnownFileType = sourcecode.c.h; path = MCCollectionCell.h; sourceTree = "<group>"; };
		1A666BEF68C169E5BE3670A2 /* MCApiConfig.m */ = {isa = PBXFileReference; fileEncoding = 4; lastKnownFileType = sourcecode.c.objc; path = MCApiConfig.m; sourceTree = "<group>"; };
		1A666BF9CE12183DA9D4634E /* MCSplashDto.h */ = {isa = PBXFileReference; fileEncoding = 4; lastKnownFileType = sourcecode.c.h; path = MCSplashDto.h; sourceTree = "<group>"; };
		1A666C1F74AE7973B0F6F102 /* RootData_Baidu.json */ = {isa = PBXFileReference; fileEncoding = 4; lastKnownFileType = text.json; path = RootData_Baidu.json; sourceTree = "<group>"; };
		1A666C58A7FCE718E5DF4615 /* MCFontConfig.m */ = {isa = PBXFileReference; fileEncoding = 4; lastKnownFileType = sourcecode.c.objc; path = MCFontConfig.m; sourceTree = "<group>"; };
		1A666C83110C61822FD2A25F /* NSObject+MCAd.m */ = {isa = PBXFileReference; fileEncoding = 4; lastKnownFileType = sourcecode.c.objc; path = "NSObject+MCAd.m"; sourceTree = "<group>"; };
		1A666CA04A8A1B5CAAF28174 /* DataFlow_Custom_Ads.json */ = {isa = PBXFileReference; fileEncoding = 4; lastKnownFileType = text.json; path = DataFlow_Custom_Ads.json; sourceTree = "<group>"; };
		1A666CB9E43FB6E0E0437955 /* MCColor.h */ = {isa = PBXFileReference; fileEncoding = 4; lastKnownFileType = sourcecode.c.h; path = MCColor.h; sourceTree = "<group>"; };
		1A666CC8A509D859F43D5C6F /* MCAdLittleImageCell.m */ = {isa = PBXFileReference; fileEncoding = 4; lastKnownFileType = sourcecode.c.objc; path = MCAdLittleImageCell.m; sourceTree = "<group>"; };
		1A666CCFFDD84AFA341325AF /* NSObject+MCAdApi.m */ = {isa = PBXFileReference; fileEncoding = 4; lastKnownFileType = sourcecode.c.objc; path = "NSObject+MCAdApi.m"; sourceTree = "<group>"; };
		1A666D0F462596E34A2FF85C /* README.md */ = {isa = PBXFileReference; fileEncoding = 4; lastKnownFileType = net.daringfireball.markdown; name = README.md; path = ../README.md; sourceTree = "<group>"; };
		1A666D164BEEA3AEB2985059 /* MCFontConfig.h */ = {isa = PBXFileReference; fileEncoding = 4; lastKnownFileType = sourcecode.c.h; path = MCFontConfig.h; sourceTree = "<group>"; };
		1A666D1B9EA025F20C00C3B0 /* MCAdvertisementDto.h */ = {isa = PBXFileReference; fileEncoding = 4; lastKnownFileType = sourcecode.c.h; path = MCAdvertisementDto.h; sourceTree = "<group>"; };
		1A666D628079D2C8AC09C3F3 /* UIView+AdCorner.h */ = {isa = PBXFileReference; fileEncoding = 4; lastKnownFileType = sourcecode.c.h; path = "UIView+AdCorner.h"; sourceTree = "<group>"; };
		1A666D7995B10546EF1FBE83 /* MCOpAdCell.h */ = {isa = PBXFileReference; fileEncoding = 4; lastKnownFileType = sourcecode.c.h; path = MCOpAdCell.h; sourceTree = "<group>"; };
		1A666D9EB70AD0320FA36762 /* MCStyleConfig.h */ = {isa = PBXFileReference; fileEncoding = 4; lastKnownFileType = sourcecode.c.h; path = MCStyleConfig.h; sourceTree = "<group>"; };
		1A666DB2D494A48EC9CDC907 /* MCH5AdDto.m */ = {isa = PBXFileReference; fileEncoding = 4; lastKnownFileType = sourcecode.c.objc; path = MCH5AdDto.m; sourceTree = "<group>"; };
		1A666E3E6DEA2A7066916846 /* AdInfos_Custom.json */ = {isa = PBXFileReference; fileEncoding = 4; lastKnownFileType = text.json; path = AdInfos_Custom.json; sourceTree = "<group>"; };
		1A666E6BAEC0DB45521A9CE9 /* MCCollectionCell.m */ = {isa = PBXFileReference; fileEncoding = 4; lastKnownFileType = sourcecode.c.objc; path = MCCollectionCell.m; sourceTree = "<group>"; };
		1A666E707E0D818A155A7DEC /* MCAdBigImageCell.h */ = {isa = PBXFileReference; fileEncoding = 4; lastKnownFileType = sourcecode.c.h; path = MCAdBigImageCell.h; sourceTree = "<group>"; };
		1A666E7D1A37C2ABD9F139D4 /* MCColorConfig.h */ = {isa = PBXFileReference; fileEncoding = 4; lastKnownFileType = sourcecode.c.h; path = MCColorConfig.h; sourceTree = "<group>"; };
		1A666E963826E0531326B76D /* Info.plist */ = {isa = PBXFileReference; fileEncoding = 4; lastKnownFileType = text.plist.info; path = Info.plist; sourceTree = "<group>"; };
		1A666EA5143C48BF2B57E0B4 /* MCPlayerPreAdView.m */ = {isa = PBXFileReference; fileEncoding = 4; lastKnownFileType = sourcecode.c.objc; path = MCPlayerPreAdView.m; sourceTree = "<group>"; };
		1A666EBB04BBCA8A44D798E3 /* MCAds.h */ = {isa = PBXFileReference; fileEncoding = 4; lastKnownFileType = sourcecode.c.h; path = MCAds.h; sourceTree = "<group>"; };
		1A666EC67CF0A2EFD19BF3F0 /* MCAdBaseView.m */ = {isa = PBXFileReference; fileEncoding = 4; lastKnownFileType = sourcecode.c.objc; path = MCAdBaseView.m; sourceTree = "<group>"; };
		1A666EDCB0C3EBCEA3843CE0 /* DataFlow_Big_v.json */ = {isa = PBXFileReference; fileEncoding = 4; lastKnownFileType = text.json; path = DataFlow_Big_v.json; sourceTree = "<group>"; };
		1A666EEB97D82D811EE19D03 /* Base */ = {isa = PBXFileReference; lastKnownFileType = file.storyboard; name = Base; path = MCAds/Base.lproj/LaunchScreen.storyboard; sourceTree = SOURCE_ROOT; };
		1A666F3E2D6B30D51B517268 /* MCPlayerPauseView.m */ = {isa = PBXFileReference; fileEncoding = 4; lastKnownFileType = sourcecode.c.objc; path = MCPlayerPauseView.m; sourceTree = "<group>"; };
		1A666F4C23E0D6E8253A6749 /* RootController.h */ = {isa = PBXFileReference; fileEncoding = 4; lastKnownFileType = sourcecode.c.h; path = RootController.h; sourceTree = "<group>"; };
		1A666F61E40B65CC4056BD32 /* MCAdUtils.m */ = {isa = PBXFileReference; fileEncoding = 4; lastKnownFileType = sourcecode.c.objc; path = MCAdUtils.m; sourceTree = "<group>"; };
		1A666F6C8CC42CB130F923B8 /* MCStyle.h */ = {isa = PBXFileReference; fileEncoding = 4; lastKnownFileType = sourcecode.c.h; path = MCStyle.h; sourceTree = "<group>"; };
		1A666F7E70C56AB542385349 /* MCFont.h */ = {isa = PBXFileReference; fileEncoding = 4; lastKnownFileType = sourcecode.c.h; path = MCFont.h; sourceTree = "<group>"; };
		1A666F8E349DE24EAB19BE23 /* MCAdConfig.m */ = {isa = PBXFileReference; fileEncoding = 4; lastKnownFileType = sourcecode.c.objc; path = MCAdConfig.m; sourceTree = "<group>"; };
		1A666F96997D16E104BECAF7 /* MCPlayerPreAdView.h */ = {isa = PBXFileReference; fileEncoding = 4; lastKnownFileType = sourcecode.c.h; path = MCPlayerPreAdView.h; sourceTree = "<group>"; };
		1A666FA698F0755B84E3B8EF /* MCColorConfig.m */ = {isa = PBXFileReference; fileEncoding = 4; lastKnownFileType = sourcecode.c.objc; path = MCColorConfig.m; sourceTree = "<group>"; };
		1A666FB2DE6B8752AE1C0DC8 /* MCAdsManager.h */ = {isa = PBXFileReference; fileEncoding = 4; lastKnownFileType = sourcecode.c.h; path = MCAdsManager.h; sourceTree = "<group>"; };
		1A666FE1E78D3E833A6FFC14 /* MCAdvertisementDto.m */ = {isa = PBXFileReference; fileEncoding = 4; lastKnownFileType = sourcecode.c.objc; path = MCAdvertisementDto.m; sourceTree = "<group>"; };
		1A666FE36D87DADB0976DD6D /* AdInfos_GDT.json */ = {isa = PBXFileReference; fileEncoding = 4; lastKnownFileType = text.json; path = AdInfos_GDT.json; sourceTree = "<group>"; };
		1A666FFB45E33288B19FF5A0 /* VideoDto.m */ = {isa = PBXFileReference; fileEncoding = 4; lastKnownFileType = sourcecode.c.objc; path = VideoDto.m; sourceTree = "<group>"; };
		25CC36A721C8FAAD0010BC25 /* MCAds.app */ = {isa = PBXFileReference; explicitFileType = wrapper.application; includeInIndex = 0; path = MCAds.app; sourceTree = BUILT_PRODUCTS_DIR; };
		25CC36AA21C8FAAD0010BC25 /* AppDelegate.h */ = {isa = PBXFileReference; lastKnownFileType = sourcecode.c.h; path = AppDelegate.h; sourceTree = "<group>"; };
		25CC36AB21C8FAAD0010BC25 /* AppDelegate.m */ = {isa = PBXFileReference; lastKnownFileType = sourcecode.c.objc; path = AppDelegate.m; sourceTree = "<group>"; };
		25CC36B921C8FAAF0010BC25 /* main.m */ = {isa = PBXFileReference; lastKnownFileType = sourcecode.c.objc; path = main.m; sourceTree = "<group>"; };
		8F7104FBC06288340E08E21D /* libPods-MCAds.a */ = {isa = PBXFileReference; explicitFileType = archive.ar; includeInIndex = 0; path = "libPods-MCAds.a"; sourceTree = BUILT_PRODUCTS_DIR; };
		9581E416D579779792A41778 /* Pods-MCAds.debug.xcconfig */ = {isa = PBXFileReference; includeInIndex = 1; lastKnownFileType = text.xcconfig; name = "Pods-MCAds.debug.xcconfig"; path = "Pods/Target Support Files/Pods-MCAds/Pods-MCAds.debug.xcconfig"; sourceTree = "<group>"; };
/* End PBXFileReference section */

/* Begin PBXFrameworksBuildPhase section */
		25CC36A421C8FAAD0010BC25 /* Frameworks */ = {
			isa = PBXFrameworksBuildPhase;
			buildActionMask = 2147483647;
			files = (
				68BD498D9E5BB5A41EB3314B /* libPods-MCAds.a in Frameworks */,
			);
			runOnlyForDeploymentPostprocessing = 0;
		};
/* End PBXFrameworksBuildPhase section */

/* Begin PBXGroup section */
		1A6660B195C4BE4324B391D9 /* Root */ = {
			isa = PBXGroup;
			children = (
				1A6669A63E1958D851BCB788 /* RootController.m */,
				1A666F4C23E0D6E8253A6749 /* RootController.h */,
				1A666A747B6F445EE5F52A83 /* RootDataVM.m */,
				1A666AAED0BE65E36A9791CB /* RootDataVM.h */,
				1A6664E97D77CA0A07740A55 /* AdCateDto.m */,
				1A666162DC8A28A54F48B563 /* AdCateDto.h */,
				1A66654CB647A47247AE6CE4 /* RootCell.m */,
				1A6662B0F9120DA9C087A6F1 /* RootCell.h */,
			);
			path = Root;
			sourceTree = "<group>";
		};
		1A6660D128BBD83984F26627 /* ApiDatas */ = {
			isa = PBXGroup;
			children = (
				1A666E3E6DEA2A7066916846 /* AdInfos_Custom.json */,
				1A666FE36D87DADB0976DD6D /* AdInfos_GDT.json */,
				1A666A0E8612B8BBAA066A8F /* AdInfos_Baidu.json */,
				1A666CA04A8A1B5CAAF28174 /* DataFlow_Custom_Ads.json */,
			);
			path = ApiDatas;
			sourceTree = "<group>";
		};
		1A6660FBC0E4694A75ED52E4 /* Modules */ = {
			isa = PBXGroup;
			children = (
				1A66635BC246DF6FA83895F4 /* DataFlow */,
				1A6660B195C4BE4324B391D9 /* Root */,
			);
			path = Modules;
			sourceTree = "<group>";
		};
		1A6661EABAB131D07196BC6D /* Pre */ = {
			isa = PBXGroup;
			children = (
				1A666F3E2D6B30D51B517268 /* MCPlayerPauseView.m */,
				1A666F96997D16E104BECAF7 /* MCPlayerPreAdView.h */,
				1A6663322F70F198DEE11521 /* MCPlayerPauseView.h */,
				1A666EA5143C48BF2B57E0B4 /* MCPlayerPreAdView.m */,
			);
			path = Pre;
			sourceTree = "<group>";
		};
		1A666315D85C01556A00BCDC /* Application */ = {
			isa = PBXGroup;
			children = (
				1A666DDCFB8AE956C1225E2A /* Data */,
				1A6667034E472F59BF661B7D /* Controller */,
				1A666BE8E79344EEB0A974EF /* Views */,
			);
			path = Application;
			sourceTree = "<group>";
		};
		1A666341CD22BD6172C12B5C /* UIKit */ = {
			isa = PBXGroup;
			children = (
			);
			path = UIKit;
			sourceTree = "<group>";
		};
		1A66635BC246DF6FA83895F4 /* DataFlow */ = {
			isa = PBXGroup;
			children = (
				1A6668BF0D2C465E18FFAF63 /* DataFlowController.m */,
				1A666048A984A0DC8E6BF337 /* DataFlowController.h */,
				1A6664B87B161626EC74BA8F /* DataFlowDataVM.m */,
				1A66639CEF7D0173D076F277 /* DataFlowDataVM.h */,
				1A666FFB45E33288B19FF5A0 /* VideoDto.m */,
				1A66615DF71BED593C51F3C7 /* VideoDto.h */,
				1A66644E640B5E132F9B37C8 /* VideoCell.m */,
				1A666934D7059C65D92FA1D0 /* VideoCell.h */,
			);
			path = DataFlow;
			sourceTree = "<group>";
		};
		1A666394E3A2EB83BD18B7CB /* View */ = {
			isa = PBXGroup;
			children = (
				1A66642C3ED62656385106E1 /* AdCell */,
				1A6661EABAB131D07196BC6D /* Pre */,
				1A666EC67CF0A2EFD19BF3F0 /* MCAdBaseView.m */,
				1A6663D0105BAE4399909B90 /* MCAdBaseView.h */,
				1A666016A56B08FE9054C97E /* MCAdSplashView.h */,
				1A66692C7B22E9BB41E92D64 /* MCAdPlayerView.h */,
				1A6666F8290B580F4F185623 /* MCAdSplashView.m */,
				1A6666D9590E621639BE2936 /* MCAdPlayerView.m */,
				1A666D628079D2C8AC09C3F3 /* UIView+AdCorner.h */,
				1A6669B3C7A2409712613F54 /* UIView+AdCorner.m */,
				1A6663E4ED8A4F56A238B052 /* MCMobAdNativeAdView.m */,
				1A66698F1739C22603011B20 /* MCMobAdNativeAdView.h */,
			);
			path = View;
			sourceTree = "<group>";
		};
		1A66642C3ED62656385106E1 /* AdCell */ = {
			isa = PBXGroup;
			children = (
				1A6666AC95D35A400A508AF2 /* MCAdLittleImageCell.h */,
				1A6669592BC22A92EA113F31 /* MCAdBaseDelegate.h */,
				1A666635F8C8E8937C01A4EA /* MCAdContinuePlayCollectionCell.h */,
				1A66623066997C1CB995969F /* MCAdOrientionImageCell.m */,
				1A6660076B769CA67C3E96B9 /* MCSnapAdCell.h */,
				1A666D7995B10546EF1FBE83 /* MCOpAdCell.h */,
				1A66667721AF0E3EC627C521 /* MCAdCollectionBaseCell.h */,
				1A666175A8295BD5D0E5DE8B /* MCAdBigImageCell.m */,
				1A66661BAB69B894C169FD06 /* MCAdMutipleImageCell.m */,
				1A6669C4FADD60BB0055C24F /* MCAdBaseCell.m */,
				1A666A7B252B180EAA409425 /* MCAdContinuePlayCollectionCell.m */,
				1A666CC8A509D859F43D5C6F /* MCAdLittleImageCell.m */,
				1A666E707E0D818A155A7DEC /* MCAdBigImageCell.h */,
				1A666217DDABF68D23B5F191 /* MCAdCollectionBaseCell.m */,
				1A6665F737A753719FD4C503 /* MCOpAdCell.m */,
				1A666AAD000559555332D620 /* MCSnapAdCell.m */,
				1A66689C3AA226E057AF84EB /* MCAdOrientionImageCell.h */,
				1A6661196FEF714189B0BA7A /* MCAdMutipleImageCell.h */,
				1A666893DE8341E5E8773FA0 /* MCAdBaseCell.h */,
				1A666E6BAEC0DB45521A9CE9 /* MCCollectionCell.m */,
				1A666B88826680E4F2D59B89 /* MCCollectionCell.h */,
				1A6666BC53F1E4BB9DB070E3 /* MCTableCell.h */,
				1A66692FB2C425FA179E8437 /* MCTableCell.m */,
				1A6669C1C4D4C0394BB9BD02 /* MCGDTUnifiedNativeAdView.m */,
				1A666A21CBD44A7E65F8EABB /* MCGDTUnifiedNativeAdView.h */,
			);
			path = AdCell;
			sourceTree = "<group>";
		};
		1A66661BA9AF4E97194491AB /* Datas */ = {
			isa = PBXGroup;
			children = (
				1A666C1F74AE7973B0F6F102 /* RootData_Baidu.json */,
				1A66608BBB420F670C13CF3A /* DataFlow_Big.json */,
				1A666B61356CF414BDD54850 /* DataFlow_Little.json */,
				1A666410D711B16A3183451C /* DataFlow_Oriention.json */,
				1A666A7636B092580047982D /* DataFlow_Oriention_v.json */,
				1A6662A943EAAC1C6129C112 /* DataFlow_Little_v.json */,
				1A666EDCB0C3EBCEA3843CE0 /* DataFlow_Big_v.json */,
				1A6663243F0A05FF74241766 /* RootData_GDT.json */,
				1A666A484FFCA17EBAB49AF1 /* RootData_Custom.json */,
				1A6660D128BBD83984F26627 /* ApiDatas */,
			);
			path = Datas;
			sourceTree = "<group>";
		};
		1A666699BAB912C18EDD0FC1 /* Manager */ = {
			isa = PBXGroup;
			children = (
				1A666FB2DE6B8752AE1C0DC8 /* MCAdsManager.h */,
				1A666605616EF74335A16FA0 /* MCSplashService.m */,
				1A6661BC39105F50C553DA92 /* MCMobileAdService.h */,
				1A6665E2A30CF8514D588147 /* MCAdsManager.m */,
				1A666227B36B1FFA7E0A54FA /* MCSplashService.h */,
				1A6666490F054F538E5DC7A9 /* MCMobileAdService.m */,
			);
			path = Manager;
			sourceTree = "<group>";
		};
		1A6667034E472F59BF661B7D /* Controller */ = {
			isa = PBXGroup;
			children = (
				1A66650F832CE96199136025 /* RefreshMoreTableController.m */,
				1A66623380CB6379304CFED5 /* RefreshMoreTableController.h */,
			);
			path = Controller;
			sourceTree = "<group>";
		};
		1A666839DD975FF784607520 /* Utils */ = {
			isa = PBXGroup;
			children = (
				1A66678CD58CCCBA43933DAE /* MCColor.m */,
				1A666CB9E43FB6E0E0437955 /* MCColor.h */,
				1A666256E272B2611D827669 /* MCFont.m */,
				1A666F7E70C56AB542385349 /* MCFont.h */,
				1A6663D3F5D9BD5851CC4850 /* MCAdDecorate.h */,
				1A6669650E2E09480BBCD567 /* MCAdDecorate.m */,
				1A66615EDEE3CA0C16FC236A /* MCStyle.m */,
				1A666F6C8CC42CB130F923B8 /* MCStyle.h */,
				1A666F61E40B65CC4056BD32 /* MCAdUtils.m */,
				1A666B6543B989DC4181D9CB /* MCAdUtils.h */,
			);
			path = Utils;
			sourceTree = "<group>";
		};
		1A6668E223EE46D762DCCDCB /* Resources */ = {
			isa = PBXGroup;
			children = (
				1A666F3ECC21FD6BD268BA51 /* LaunchScreen.storyboard */,
				1A666E963826E0531326B76D /* Info.plist */,
				1A66623F8E19496458C98F51 /* Assets.xcassets */,
				1A666B7F1AEE873B1D6B08F2 /* Main.storyboard */,
			);
			path = Resources;
			sourceTree = "<group>";
		};
		1A666B47080B990B3FF73240 /* Dto */ = {
			isa = PBXGroup;
			children = (
				1A6663F3A553698229798B26 /* MCAdConfig.h */,
				1A666F8E349DE24EAB19BE23 /* MCAdConfig.m */,
				1A666459078624A063189448 /* MCAdJointDto.h */,
				1A6664B68331C8DCA1E707AF /* MCAdJointDto.m */,
				1A66692D630FA0E71E5AD084 /* MCH5AdDto.h */,
				1A666DB2D494A48EC9CDC907 /* MCH5AdDto.m */,
				1A66619232E5F26DE162411D /* MCInmobiDto.h */,
				1A6666FDE06F5BBBF1122C96 /* MCInmobiDto.m */,
				1A66690DBAD3B696437C5A76 /* MCAdDto.h */,
				1A66601699E3D461621594D4 /* MCAdDto.m */,
				1A666D1B9EA025F20C00C3B0 /* MCAdvertisementDto.h */,
				1A666FE1E78D3E833A6FFC14 /* MCAdvertisementDto.m */,
				1A666BF9CE12183DA9D4634E /* MCSplashDto.h */,
				1A6669B6BB2BC42F54F9FCBB /* MCSplashDto.m */,
				1A666B20C80556310ABA001C /* MCNativeAdDto.h */,
				1A6666D2C88718940984B14C /* MCNativeAdDto.m */,
				1A66664F8E3B05DFC5106A15 /* MCDto.m */,
				1A6661253D20EEA4DBDA1AB5 /* MCDto.h */,
				1A6668D45C39CB3B6BB8DFAA /* MCMobileBase.h */,
				1A66642909BA523C79C09268 /* MCMobileBase.m */,
			);
			path = Dto;
			sourceTree = "<group>";
		};
		1A666B66CA959DD2E280D24D /* Configs */ = {
			isa = PBXGroup;
			children = (
				1A666FA698F0755B84E3B8EF /* MCColorConfig.m */,
				1A666E7D1A37C2ABD9F139D4 /* MCColorConfig.h */,
				1A666BEF68C169E5BE3670A2 /* MCApiConfig.m */,
				1A666A4DEA83AAF8ACC29C03 /* MCApiConfig.h */,
				1A666260B0B44FA13B6E00F6 /* MCStyleConfig.m */,
				1A666D9EB70AD0320FA36762 /* MCStyleConfig.h */,
				1A666C58A7FCE718E5DF4615 /* MCFontConfig.m */,
				1A666D164BEEA3AEB2985059 /* MCFontConfig.h */,
			);
			path = Configs;
			sourceTree = "<group>";
		};
		1A666BE8E79344EEB0A974EF /* Views */ = {
			isa = PBXGroup;
			children = (
				1A666341CD22BD6172C12B5C /* UIKit */,
			);
			path = Views;
			sourceTree = "<group>";
		};
		1A666DDCFB8AE956C1225E2A /* Data */ = {
			isa = PBXGroup;
			children = (
				1A6667D9A942448B7BD20BE4 /* DataVM.m */,
				1A6668E62AE83B11CBE377AE /* DataVM.h */,
			);
			path = Data;
			sourceTree = "<group>";
		};
		1A666DE8D7577497A777736A /* Classes */ = {
			isa = PBXGroup;
			children = (
				1A666315D85C01556A00BCDC /* Application */,
				1A6660FBC0E4694A75ED52E4 /* Modules */,
			);
			path = Classes;
			sourceTree = "<group>";
		};
		1A666E24AE6A06618250A795 /* Categories */ = {
			isa = PBXGroup;
			children = (
				1A666304B17C634E5021DAA8 /* NSString+MCExtend.m */,
				1A6661C05DD5CA2416838E3B /* NSString+MCExtend.h */,
			);
			path = Categories;
			sourceTree = "<group>";
		};
		1A666EC2C7D5E2D8D937B6C7 /* Resources */ = {
			isa = PBXGroup;
			children = (
				1A6667B9A2E881013A8755E8 /* MCAds.xcassets */,
			);
			path = Resources;
			sourceTree = "<group>";
		};
		1A666F40E19DB43AF7AA659F /* Classes */ = {
			isa = PBXGroup;
			children = (
				1A666394E3A2EB83BD18B7CB /* View */,
				1A66695605B12F1AE28ABB62 /* MCAdDef.m */,
				1A6661856962C89FB5D69339 /* MCAdDef.h */,
				1A66602110EFA6D9CD2BDAF1 /* NSObject+MCAdApi.h */,
				1A666CCFFDD84AFA341325AF /* NSObject+MCAdApi.m */,
				1A666839DD975FF784607520 /* Utils */,
				1A66619387EBCA88AF1A07AA /* NSObject+MCAd.h */,
				1A666C83110C61822FD2A25F /* NSObject+MCAd.m */,
				1A666B47080B990B3FF73240 /* Dto */,
				1A666699BAB912C18EDD0FC1 /* Manager */,
				1A666E24AE6A06618250A795 /* Categories */,
				1A666EBB04BBCA8A44D798E3 /* MCAds.h */,
				1A666B66CA959DD2E280D24D /* Configs */,
			);
			path = Classes;
			sourceTree = "<group>";
		};
		25CC369E21C8FAAD0010BC25 = {
			isa = PBXGroup;
			children = (
				534E2636018CC7B77E7E62DE /* Frameworks */,
				25CC36A921C8FAAD0010BC25 /* MCAds */,
				6C7D4390D410C00C80E7FFDB /* Pods */,
				25CC36A821C8FAAD0010BC25 /* Products */,
				1A666D0F462596E34A2FF85C /* README.md */,
				25CC36C221C8FC230010BC25 /* SDK */,
				1A666862D36221A78BA35845 /* MCAds.podspec */,
			);
			sourceTree = "<group>";
		};
		25CC36A821C8FAAD0010BC25 /* Products */ = {
			isa = PBXGroup;
			children = (
				25CC36A721C8FAAD0010BC25 /* MCAds.app */,
			);
			name = Products;
			sourceTree = "<group>";
		};
		25CC36A921C8FAAD0010BC25 /* MCAds */ = {
			isa = PBXGroup;
			children = (
				25CC36AA21C8FAAD0010BC25 /* AppDelegate.h */,
				25CC36AB21C8FAAD0010BC25 /* AppDelegate.m */,
				25CC36B921C8FAAF0010BC25 /* main.m */,
				1A66661BA9AF4E97194491AB /* Datas */,
				1A6668E223EE46D762DCCDCB /* Resources */,
				1A666DE8D7577497A777736A /* Classes */,
			);
			path = MCAds;
			sourceTree = "<group>";
		};
		25CC36C221C8FC230010BC25 /* SDK */ = {
			isa = PBXGroup;
			children = (
				1A666F40E19DB43AF7AA659F /* Classes */,
				1A666EC2C7D5E2D8D937B6C7 /* Resources */,
			);
			name = SDK;
			path = ../SDK;
			sourceTree = "<group>";
		};
		534E2636018CC7B77E7E62DE /* Frameworks */ = {
			isa = PBXGroup;
			children = (
				8F7104FBC06288340E08E21D /* libPods-MCAds.a */,
			);
			name = Frameworks;
			sourceTree = "<group>";
		};
		6C7D4390D410C00C80E7FFDB /* Pods */ = {
			isa = PBXGroup;
			children = (
				9581E416D579779792A41778 /* Pods-MCAds.debug.xcconfig */,
				19187352FC1C7602A021763A /* Pods-MCAds.release.xcconfig */,
			);
			name = Pods;
			sourceTree = "<group>";
		};
/* End PBXGroup section */

/* Begin PBXNativeTarget section */
		25CC36A621C8FAAD0010BC25 /* MCAds */ = {
			isa = PBXNativeTarget;
			buildConfigurationList = 25CC36BD21C8FAAF0010BC25 /* Build configuration list for PBXNativeTarget "MCAds" */;
			buildPhases = (
				E68262429AB1D06729EF86EA /* [CP] Check Pods Manifest.lock */,
				25CC36A321C8FAAD0010BC25 /* Sources */,
				25CC36A421C8FAAD0010BC25 /* Frameworks */,
				25CC36A521C8FAAD0010BC25 /* Resources */,
				B9B0F5DD1EB2501791943610 /* [CP] Copy Pods Resources */,
			);
			buildRules = (
			);
			dependencies = (
			);
			name = MCAds;
			productName = MCAds;
			productReference = 25CC36A721C8FAAD0010BC25 /* MCAds.app */;
			productType = "com.apple.product-type.application";
		};
/* End PBXNativeTarget section */

/* Begin PBXProject section */
		25CC369F21C8FAAD0010BC25 /* Project object */ = {
			isa = PBXProject;
			attributes = {
				LastUpgradeCheck = 1010;
				ORGANIZATIONNAME = majiancheng;
				TargetAttributes = {
					25CC36A621C8FAAD0010BC25 = {
						CreatedOnToolsVersion = 10.1;
					};
				};
			};
			buildConfigurationList = 25CC36A221C8FAAD0010BC25 /* Build configuration list for PBXProject "MCAds" */;
			compatibilityVersion = "Xcode 9.3";
			developmentRegion = en;
			hasScannedForEncodings = 0;
			knownRegions = (
				en,
				Base,
			);
			mainGroup = 25CC369E21C8FAAD0010BC25;
			productRefGroup = 25CC36A821C8FAAD0010BC25 /* Products */;
			projectDirPath = "";
			projectRoot = "";
			targets = (
				25CC36A621C8FAAD0010BC25 /* MCAds */,
			);
		};
/* End PBXProject section */

/* Begin PBXResourcesBuildPhase section */
		25CC36A521C8FAAD0010BC25 /* Resources */ = {
			isa = PBXResourcesBuildPhase;
			buildActionMask = 2147483647;
			files = (
				1A666096038E76A9D82625AC /* LaunchScreen.storyboard in Resources */,
				1A666A02EC0C47D396E9A298 /* Assets.xcassets in Resources */,
				1A66620B3DBE0A4068A6E83B /* Main.storyboard in Resources */,
				1A666D8F00C6BECB5AA2DA7B /* RootData_Baidu.json in Resources */,
				1A666E4F477DF37F9368093F /* DataFlow_Big.json in Resources */,
				1A66679AE7AA0C718B01BB25 /* DataFlow_Little.json in Resources */,
				1A666100917F4D9CCE976956 /* DataFlow_Oriention.json in Resources */,
				1A666D16FD21B797F6FC0A99 /* DataFlow_Oriention_v.json in Resources */,
				1A6666C6199A2164CCB7792D /* DataFlow_Little_v.json in Resources */,
				1A666C89655D456C97F39D92 /* DataFlow_Big_v.json in Resources */,
				1A666930C080D5E8B87AA614 /* RootData_GDT.json in Resources */,
				1A6663DBEAECF9798D3947A3 /* RootData_Custom.json in Resources */,
				1A666C55509742B20EF8662E /* MCAds.xcassets in Resources */,
				1A6662BF95EA2864D141FE42 /* AdInfos_Custom.json in Resources */,
				1A666340C018C7EA8BD42155 /* AdInfos_GDT.json in Resources */,
				1A666F6293F0EABE97933B37 /* AdInfos_Baidu.json in Resources */,
				1A6667D537CC7ADDEB5FB5E8 /* DataFlow_Custom_Ads.json in Resources */,
			);
			runOnlyForDeploymentPostprocessing = 0;
		};
/* End PBXResourcesBuildPhase section */

/* Begin PBXShellScriptBuildPhase section */
		B9B0F5DD1EB2501791943610 /* [CP] Copy Pods Resources */ = {
			isa = PBXShellScriptBuildPhase;
			buildActionMask = 2147483647;
			files = (
			);
			inputPaths = (
				"${PODS_ROOT}/Target Support Files/Pods-MCAds/Pods-MCAds-resources.sh",
				"${PODS_ROOT}/MCBaiduAds/SDK/baidumobadsdk.bundle",
				"${PODS_ROOT}/MJRefresh/MJRefresh/MJRefresh.bundle",
			);
			name = "[CP] Copy Pods Resources";
			outputPaths = (
				"${TARGET_BUILD_DIR}/${UNLOCALIZED_RESOURCES_FOLDER_PATH}/baidumobadsdk.bundle",
				"${TARGET_BUILD_DIR}/${UNLOCALIZED_RESOURCES_FOLDER_PATH}/MJRefresh.bundle",
			);
			runOnlyForDeploymentPostprocessing = 0;
			shellPath = /bin/sh;
			shellScript = "\"${PODS_ROOT}/Target Support Files/Pods-MCAds/Pods-MCAds-resources.sh\"\n";
			showEnvVarsInLog = 0;
		};
		E68262429AB1D06729EF86EA /* [CP] Check Pods Manifest.lock */ = {
			isa = PBXShellScriptBuildPhase;
			buildActionMask = 2147483647;
			files = (
			);
			inputPaths = (
				"${PODS_PODFILE_DIR_PATH}/Podfile.lock",
				"${PODS_ROOT}/Manifest.lock",
			);
			name = "[CP] Check Pods Manifest.lock";
			outputPaths = (
				"$(DERIVED_FILE_DIR)/Pods-MCAds-checkManifestLockResult.txt",
			);
			runOnlyForDeploymentPostprocessing = 0;
			shellPath = /bin/sh;
			shellScript = "diff \"${PODS_PODFILE_DIR_PATH}/Podfile.lock\" \"${PODS_ROOT}/Manifest.lock\" > /dev/null\nif [ $? != 0 ] ; then\n    # print error to STDERR\n    echo \"error: The sandbox is not in sync with the Podfile.lock. Run 'pod install' or update your CocoaPods installation.\" >&2\n    exit 1\nfi\n# This output is used by Xcode 'outputs' to avoid re-running this script phase.\necho \"SUCCESS\" > \"${SCRIPT_OUTPUT_FILE_0}\"\n";
			showEnvVarsInLog = 0;
		};
/* End PBXShellScriptBuildPhase section */

/* Begin PBXSourcesBuildPhase section */
		25CC36A321C8FAAD0010BC25 /* Sources */ = {
			isa = PBXSourcesBuildPhase;
			buildActionMask = 2147483647;
			files = (
				25CC36BA21C8FAAF0010BC25 /* main.m in Sources */,
				25CC36AC21C8FAAD0010BC25 /* AppDelegate.m in Sources */,
				1A666237E3930E4362AE5AA5 /* DataFlowController.m in Sources */,
				1A66699169D09676A3409AAC /* DataFlowDataVM.m in Sources */,
				1A666918BCF99EA6DA988BC5 /* RootController.m in Sources */,
				1A66699BCC60B1CA25FC7CF1 /* RootDataVM.m in Sources */,
				1A666C5FA599CBD3039FE294 /* AdCateDto.m in Sources */,
				1A66646BDEBA41BEA5104720 /* RootCell.m in Sources */,
				1A666195F9715FF1282A9D8D /* DataVM.m in Sources */,
				1A66690C0B9A6EE9A4314519 /* RefreshMoreTableController.m in Sources */,
				1A666C8302BD3EBC24397A87 /* VideoDto.m in Sources */,
				1A66690E75A6ADC49ECA6A4C /* VideoCell.m in Sources */,
				1A666AE1EB5FE469F36F1563 /* MCAdOrientionImageCell.m in Sources */,
				1A666042579FC4ABACB574C7 /* MCAdBigImageCell.m in Sources */,
				1A6664775DE498DEF285755E /* MCAdMutipleImageCell.m in Sources */,
				1A6662BBCCE1FF8A02BFCDF9 /* MCAdBaseCell.m in Sources */,
				1A66698D2C2DAA513B9BE176 /* MCAdContinuePlayCollectionCell.m in Sources */,
				1A666CBA69A123B212FB2A85 /* MCAdLittleImageCell.m in Sources */,
				1A66619D7367E13DF8A825F2 /* MCAdCollectionBaseCell.m in Sources */,
				1A666E0B08269C0C2F4CF379 /* MCOpAdCell.m in Sources */,
				1A666CDC65A068CEB729BBE1 /* MCSnapAdCell.m in Sources */,
				1A6664003483396D5A0B809F /* MCCollectionCell.m in Sources */,
				1A666ED50DB04A64117AF5D9 /* MCTableCell.m in Sources */,
				1A666FB16653828476E5B3C7 /* MCPlayerPauseView.m in Sources */,
				1A666905E033DA99815650A3 /* MCPlayerPreAdView.m in Sources */,
				1A666983BCB97543741021A4 /* MCAdBaseView.m in Sources */,
				1A6665D6FBAED7EB4B8B1F3E /* MCAdSplashView.m in Sources */,
				1A666CE6ED82B18C5C3547E0 /* MCAdPlayerView.m in Sources */,
				1A6666CAD5BA08709B81204D /* UIView+AdCorner.m in Sources */,
				1A6664C37F65A7377B18F218 /* MCMobAdNativeAdView.m in Sources */,
				1A666DC54B8A91E2A33B21B3 /* MCAdDef.m in Sources */,
				1A666B55AA5B47ED6D429AAD /* NSObject+MCAdApi.m in Sources */,
				1A666FFD863DFB01F1A5CA63 /* MCColor.m in Sources */,
				1A666943E37E6336116F42D6 /* MCFont.m in Sources */,
				1A666645D9712A4A724233BE /* MCAdDecorate.m in Sources */,
				1A666788A0D333C2416C6FC8 /* NSObject+MCAd.m in Sources */,
				1A6664F765FA893581C7F772 /* MCAdConfig.m in Sources */,
				1A6660FA9C9CD9CDE990CDEF /* MCAdJointDto.m in Sources */,
				1A6668B99F293CB93F0CDEFF /* MCH5AdDto.m in Sources */,
				1A666395145102DB1846218D /* MCInmobiDto.m in Sources */,
				1A666107326546ED8EAFA954 /* MCAdDto.m in Sources */,
				1A66624CEDE459A1440EC767 /* MCAdvertisementDto.m in Sources */,
				1A666121E373DBC837F00B2D /* MCSplashDto.m in Sources */,
				1A6661919B1AC6B60E22BB18 /* MCNativeAdDto.m in Sources */,
				1A666E61BC3BD8B9056A4224 /* MCDto.m in Sources */,
				1A6664C20FE1A8F56553F688 /* MCMobileBase.m in Sources */,
				1A66699C3F7EAC99538B4A2D /* MCSplashService.m in Sources */,
				1A66630291047B6663A90FF5 /* MCAdsManager.m in Sources */,
				1A6661C34EBD6C92776300EF /* MCMobileAdService.m in Sources */,
				1A6660F81E713F5158A906B0 /* NSString+MCExtend.m in Sources */,
				1A6663D5C516AD61EDB281C3 /* MCColorConfig.m in Sources */,
				1A6665B5822469070595C6A0 /* MCApiConfig.m in Sources */,
				1A666213A98B46BB934B790D /* MCStyleConfig.m in Sources */,
				1A666B7220F8D0CB3F2B45B7 /* MCStyle.m in Sources */,
				1A666963519B2CE121C8C936 /* MCFontConfig.m in Sources */,
				1A666D572DC6EBF5FFE52C80 /* MCGDTUnifiedNativeAdView.m in Sources */,
				1A6663B3812B27E70C5A438F /* MCAdUtils.m in Sources */,
			);
			runOnlyForDeploymentPostprocessing = 0;
		};
/* End PBXSourcesBuildPhase section */

/* Begin PBXVariantGroup section */
		1A666B7F1AEE873B1D6B08F2 /* Main.storyboard */ = {
			isa = PBXVariantGroup;
			children = (
				1A666504AC80905FBA42ACF6 /* Base */,
			);
			name = Main.storyboard;
			sourceTree = "<group>";
		};
		1A666F3ECC21FD6BD268BA51 /* LaunchScreen.storyboard */ = {
			isa = PBXVariantGroup;
			children = (
				1A666EEB97D82D811EE19D03 /* Base */,
			);
			name = LaunchScreen.storyboard;
			sourceTree = "<group>";
		};
/* End PBXVariantGroup section */

/* Begin XCBuildConfiguration section */
		25CC36BB21C8FAAF0010BC25 /* Debug */ = {
			isa = XCBuildConfiguration;
			buildSettings = {
				ALWAYS_SEARCH_USER_PATHS = NO;
				CLANG_ANALYZER_NONNULL = YES;
				CLANG_ANALYZER_NUMBER_OBJECT_CONVERSION = YES_AGGRESSIVE;
				CLANG_CXX_LANGUAGE_STANDARD = "gnu++14";
				CLANG_CXX_LIBRARY = "libc++";
				CLANG_ENABLE_MODULES = YES;
				CLANG_ENABLE_OBJC_ARC = YES;
				CLANG_ENABLE_OBJC_WEAK = YES;
				CLANG_WARN_BLOCK_CAPTURE_AUTORELEASING = YES;
				CLANG_WARN_BOOL_CONVERSION = YES;
				CLANG_WARN_COMMA = YES;
				CLANG_WARN_CONSTANT_CONVERSION = YES;
				CLANG_WARN_DEPRECATED_OBJC_IMPLEMENTATIONS = YES;
				CLANG_WARN_DIRECT_OBJC_ISA_USAGE = YES_ERROR;
				CLANG_WARN_DOCUMENTATION_COMMENTS = YES;
				CLANG_WARN_EMPTY_BODY = YES;
				CLANG_WARN_ENUM_CONVERSION = YES;
				CLANG_WARN_INFINITE_RECURSION = YES;
				CLANG_WARN_INT_CONVERSION = YES;
				CLANG_WARN_NON_LITERAL_NULL_CONVERSION = YES;
				CLANG_WARN_OBJC_IMPLICIT_RETAIN_SELF = YES;
				CLANG_WARN_OBJC_LITERAL_CONVERSION = YES;
				CLANG_WARN_OBJC_ROOT_CLASS = YES_ERROR;
				CLANG_WARN_RANGE_LOOP_ANALYSIS = YES;
				CLANG_WARN_STRICT_PROTOTYPES = YES;
				CLANG_WARN_SUSPICIOUS_MOVE = YES;
				CLANG_WARN_UNGUARDED_AVAILABILITY = YES_AGGRESSIVE;
				CLANG_WARN_UNREACHABLE_CODE = YES;
				CLANG_WARN__DUPLICATE_METHOD_MATCH = YES;
				CODE_SIGN_IDENTITY = "iPhone Developer";
				COPY_PHASE_STRIP = NO;
				DEBUG_INFORMATION_FORMAT = dwarf;
				ENABLE_STRICT_OBJC_MSGSEND = YES;
				ENABLE_TESTABILITY = YES;
				GCC_C_LANGUAGE_STANDARD = gnu11;
				GCC_DYNAMIC_NO_PIC = NO;
				GCC_NO_COMMON_BLOCKS = YES;
				GCC_OPTIMIZATION_LEVEL = 0;
				GCC_PREPROCESSOR_DEFINITIONS = (
					"DEBUG=1",
					"$(inherited)",
				);
				GCC_WARN_64_TO_32_BIT_CONVERSION = YES;
				GCC_WARN_ABOUT_RETURN_TYPE = YES_ERROR;
				GCC_WARN_UNDECLARED_SELECTOR = YES;
				GCC_WARN_UNINITIALIZED_AUTOS = YES_AGGRESSIVE;
				GCC_WARN_UNUSED_FUNCTION = YES;
				GCC_WARN_UNUSED_VARIABLE = YES;
				IPHONEOS_DEPLOYMENT_TARGET = 12.1;
				MTL_ENABLE_DEBUG_INFO = INCLUDE_SOURCE;
				MTL_FAST_MATH = YES;
				ONLY_ACTIVE_ARCH = YES;
				SDKROOT = iphoneos;
			};
			name = Debug;
		};
		25CC36BC21C8FAAF0010BC25 /* Release */ = {
			isa = XCBuildConfiguration;
			buildSettings = {
				ALWAYS_SEARCH_USER_PATHS = NO;
				CLANG_ANALYZER_NONNULL = YES;
				CLANG_ANALYZER_NUMBER_OBJECT_CONVERSION = YES_AGGRESSIVE;
				CLANG_CXX_LANGUAGE_STANDARD = "gnu++14";
				CLANG_CXX_LIBRARY = "libc++";
				CLANG_ENABLE_MODULES = YES;
				CLANG_ENABLE_OBJC_ARC = YES;
				CLANG_ENABLE_OBJC_WEAK = YES;
				CLANG_WARN_BLOCK_CAPTURE_AUTORELEASING = YES;
				CLANG_WARN_BOOL_CONVERSION = YES;
				CLANG_WARN_COMMA = YES;
				CLANG_WARN_CONSTANT_CONVERSION = YES;
				CLANG_WARN_DEPRECATED_OBJC_IMPLEMENTATIONS = YES;
				CLANG_WARN_DIRECT_OBJC_ISA_USAGE = YES_ERROR;
				CLANG_WARN_DOCUMENTATION_COMMENTS = YES;
				CLANG_WARN_EMPTY_BODY = YES;
				CLANG_WARN_ENUM_CONVERSION = YES;
				CLANG_WARN_INFINITE_RECURSION = YES;
				CLANG_WARN_INT_CONVERSION = YES;
				CLANG_WARN_NON_LITERAL_NULL_CONVERSION = YES;
				CLANG_WARN_OBJC_IMPLICIT_RETAIN_SELF = YES;
				CLANG_WARN_OBJC_LITERAL_CONVERSION = YES;
				CLANG_WARN_OBJC_ROOT_CLASS = YES_ERROR;
				CLANG_WARN_RANGE_LOOP_ANALYSIS = YES;
				CLANG_WARN_STRICT_PROTOTYPES = YES;
				CLANG_WARN_SUSPICIOUS_MOVE = YES;
				CLANG_WARN_UNGUARDED_AVAILABILITY = YES_AGGRESSIVE;
				CLANG_WARN_UNREACHABLE_CODE = YES;
				CLANG_WARN__DUPLICATE_METHOD_MATCH = YES;
				CODE_SIGN_IDENTITY = "iPhone Developer";
				COPY_PHASE_STRIP = NO;
				DEBUG_INFORMATION_FORMAT = "dwarf-with-dsym";
				ENABLE_NS_ASSERTIONS = NO;
				ENABLE_STRICT_OBJC_MSGSEND = YES;
				GCC_C_LANGUAGE_STANDARD = gnu11;
				GCC_NO_COMMON_BLOCKS = YES;
				GCC_WARN_64_TO_32_BIT_CONVERSION = YES;
				GCC_WARN_ABOUT_RETURN_TYPE = YES_ERROR;
				GCC_WARN_UNDECLARED_SELECTOR = YES;
				GCC_WARN_UNINITIALIZED_AUTOS = YES_AGGRESSIVE;
				GCC_WARN_UNUSED_FUNCTION = YES;
				GCC_WARN_UNUSED_VARIABLE = YES;
				IPHONEOS_DEPLOYMENT_TARGET = 12.1;
				MTL_ENABLE_DEBUG_INFO = NO;
				MTL_FAST_MATH = YES;
				SDKROOT = iphoneos;
				VALIDATE_PRODUCT = YES;
			};
			name = Release;
		};
		25CC36BE21C8FAAF0010BC25 /* Debug */ = {
			isa = XCBuildConfiguration;
			baseConfigurationReference = 9581E416D579779792A41778 /* Pods-MCAds.debug.xcconfig */;
			buildSettings = {
				ASSETCATALOG_COMPILER_APPICON_NAME = AppIcon;
				CODE_SIGN_STYLE = Automatic;
				DEVELOPMENT_TEAM = T6YK2SCZ3R;
				INFOPLIST_FILE = MCAds/Resources/Info.plist;
				LD_RUNPATH_SEARCH_PATHS = (
					"$(inherited)",
					"@executable_path/Frameworks",
				);
				PRODUCT_BUNDLE_IDENTIFIER = com.jx.ios.elephant;
				PRODUCT_NAME = "$(TARGET_NAME)";
				TARGETED_DEVICE_FAMILY = "1,2";
				USER_HEADER_SEARCH_PATHS = "\"${PROJECT_DIR}/Pods\"/**";
			};
			name = Debug;
		};
		25CC36BF21C8FAAF0010BC25 /* Release */ = {
			isa = XCBuildConfiguration;
			baseConfigurationReference = 19187352FC1C7602A021763A /* Pods-MCAds.release.xcconfig */;
			buildSettings = {
				ASSETCATALOG_COMPILER_APPICON_NAME = AppIcon;
				CODE_SIGN_STYLE = Automatic;
				DEVELOPMENT_TEAM = T6YK2SCZ3R;
				INFOPLIST_FILE = MCAds/Resources/Info.plist;
				LD_RUNPATH_SEARCH_PATHS = (
					"$(inherited)",
					"@executable_path/Frameworks",
				);
				PRODUCT_BUNDLE_IDENTIFIER = com.jx.ios.elephant;
				PRODUCT_NAME = "$(TARGET_NAME)";
				TARGETED_DEVICE_FAMILY = "1,2";
				USER_HEADER_SEARCH_PATHS = "\"${PROJECT_DIR}/Pods\"/**";
			};
			name = Release;
		};
/* End XCBuildConfiguration section */

/* Begin XCConfigurationList section */
		25CC36A221C8FAAD0010BC25 /* Build configuration list for PBXProject "MCAds" */ = {
			isa = XCConfigurationList;
			buildConfigurations = (
				25CC36BB21C8FAAF0010BC25 /* Debug */,
				25CC36BC21C8FAAF0010BC25 /* Release */,
			);
			defaultConfigurationIsVisible = 0;
			defaultConfigurationName = Release;
		};
		25CC36BD21C8FAAF0010BC25 /* Build configuration list for PBXNativeTarget "MCAds" */ = {
			isa = XCConfigurationList;
			buildConfigurations = (
				25CC36BE21C8FAAF0010BC25 /* Debug */,
				25CC36BF21C8FAAF0010BC25 /* Release */,
			);
			defaultConfigurationIsVisible = 0;
			defaultConfigurationName = Release;
		};
/* End XCConfigurationList section */
	};
	rootObject = 25CC369F21C8FAAD0010BC25 /* Project object */;
}
